
Microsoft Visual Studio Solution File, Format Version 12.00
Project("{FAE04EC0-301F-11D3-BF4B-00C04F79EFBC}") = "TicketManagement.Api", "TicketManagement.Api\TicketManagement.Api.csproj", "{92BF938F-CD03-45F1-A911-E4C76B4EA3C3}"
EndProject
Project("{FAE04EC0-301F-11D3-BF4B-00C04F79EFBC}") = "Domain", "Domain\Domain.csproj", "{27BF30EA-9B2B-4E26-B72D-D8DF04BDD051}"
EndProject
Project("{FAE04EC0-301F-11D3-BF4B-00C04F79EFBC}") = "Infrastructure", "Infrastructure\Infrastructure.csproj", "{B93561F8-09E4-4EDA-AAD5-790AA0BC3B55}"
EndProject
Project("{FAE04EC0-301F-11D3-BF4B-00C04F79EFBC}") = "Application", "Application\Application.csproj", "{DD8E4FE8-9CD8-4415-AD93-FE782477075B}"
EndProject
Project("{2150E333-8FDC-42A3-9474-1A3956D46DE8}") = "src", "src", "{AB5E8CB0-62F5-4FED-A1ED-54AE50CFBE61}"
EndProject
Project("{2150E333-8FDC-42A3-9474-1A3956D46DE8}") = "shared", "shared", "{06009F50-4D2B-4FB4-9A55-76BFE91DA778}"
EndProject
Project("{FAE04EC0-301F-11D3-BF4B-00C04F79EFBC}") = "BuildingBlocks", "BuildingBlocks\BuildingBlocks.csproj", "{0B6F0BC0-09E4-408C-B1D3-98A20E19F0EE}"
EndProject
Global
	GlobalSection(SolutionConfigurationPlatforms) = preSolution
		Debug|Any CPU = Debug|Any CPU
		Release|Any CPU = Release|Any CPU
	EndGlobalSection
	GlobalSection(ProjectConfigurationPlatforms) = postSolution
		{92BF938F-CD03-45F1-A911-E4C76B4EA3C3}.Debug|Any CPU.ActiveCfg = Debug|Any CPU
		{92BF938F-CD03-45F1-A911-E4C76B4EA3C3}.Debug|Any CPU.Build.0 = Debug|Any CPU
		{92BF938F-CD03-45F1-A911-E4C76B4EA3C3}.Release|Any CPU.ActiveCfg = Release|Any CPU
		{92BF938F-CD03-45F1-A911-E4C76B4EA3C3}.Release|Any CPU.Build.0 = Release|Any CPU
		{27BF30EA-9B2B-4E26-B72D-D8DF04BDD051}.Debug|Any CPU.ActiveCfg = Debug|Any CPU
		{27BF30EA-9B2B-4E26-B72D-D8DF04BDD051}.Debug|Any CPU.Build.0 = Debug|Any CPU
		{27BF30EA-9B2B-4E26-B72D-D8DF04BDD051}.Release|Any CPU.ActiveCfg = Release|Any CPU
		{27BF30EA-9B2B-4E26-B72D-D8DF04BDD051}.Release|Any CPU.Build.0 = Release|Any CPU
		{B93561F8-09E4-4EDA-AAD5-790AA0BC3B55}.Debug|Any CPU.ActiveCfg = Debug|Any CPU
		{B93561F8-09E4-4EDA-AAD5-790AA0BC3B55}.Debug|Any CPU.Build.0 = Debug|Any CPU
		{B93561F8-09E4-4EDA-AAD5-790AA0BC3B55}.Release|Any CPU.ActiveCfg = Release|Any CPU
		{B93561F8-09E4-4EDA-AAD5-790AA0BC3B55}.Release|Any CPU.Build.0 = Release|Any CPU
		{DD8E4FE8-9CD8-4415-AD93-FE782477075B}.Debug|Any CPU.ActiveCfg = Debug|Any CPU
		{DD8E4FE8-9CD8-4415-AD93-FE782477075B}.Debug|Any CPU.Build.0 = Debug|Any CPU
		{DD8E4FE8-9CD8-4415-AD93-FE782477075B}.Release|Any CPU.ActiveCfg = Release|Any CPU
		{DD8E4FE8-9CD8-4415-AD93-FE782477075B}.Release|Any CPU.Build.0 = Release|Any CPU
		{0B6F0BC0-09E4-408C-B1D3-98A20E19F0EE}.Debug|Any CPU.ActiveCfg = Debug|Any CPU
		{0B6F0BC0-09E4-408C-B1D3-98A20E19F0EE}.Debug|Any CPU.Build.0 = Debug|Any CPU
		{0B6F0BC0-09E4-408C-B1D3-98A20E19F0EE}.Release|Any CPU.ActiveCfg = Release|Any CPU
		{0B6F0BC0-09E4-408C-B1D3-98A20E19F0EE}.Release|Any CPU.Build.0 = Release|Any CPU
	EndGlobalSection
	GlobalSection(NestedProjects) = preSolution
		{DD8E4FE8-9CD8-4415-AD93-FE782477075B} = {AB5E8CB0-62F5-4FED-A1ED-54AE50CFBE61}
		{27BF30EA-9B2B-4E26-B72D-D8DF04BDD051} = {AB5E8CB0-62F5-4FED-A1ED-54AE50CFBE61}
		{B93561F8-09E4-4EDA-AAD5-790AA0BC3B55} = {AB5E8CB0-62F5-4FED-A1ED-54AE50CFBE61}
		{92BF938F-CD03-45F1-A911-E4C76B4EA3C3} = {AB5E8CB0-62F5-4FED-A1ED-54AE50CFBE61}
		{0B6F0BC0-09E4-408C-B1D3-98A20E19F0EE} = {06009F50-4D2B-4FB4-9A55-76BFE91DA778}
	EndGlobalSection
EndGlobal
